
Microsoft Visual Studio Solution File, Format Version 12.00
# Visual Studio 14
VisualStudioVersion = 14.0.25420.1
MinimumVisualStudioVersion = 10.0.40219.1
Project("{2150E333-8FDC-42A3-9474-1A3956D46DE8}") = "src", "src", "{2020AC68-78E1-4D95-AF3C-2186B9362078}"
EndProject
Project("{2150E333-8FDC-42A3-9474-1A3956D46DE8}") = "Solution Items", "Solution Items", "{B7C5F4AE-7354-4122-89A5-2E1ADF8ADC10}"
	ProjectSection(SolutionItems) = preProject
		src\skeleton\.gitignore = src\skeleton\.gitignore
		global.json = global.json
	EndProjectSection
EndProject
Project("{8BB2217D-0F2D-49D1-97BC-3654ED321F3B}") = "iKudo.Clients.Web", "src\iKudo.Clients.Web\iKudo.Clients.Web.xproj", "{4AAFD9A8-008C-4ADF-8089-90C6ED4B96E3}"
EndProject
Project("{8BB2217D-0F2D-49D1-97BC-3654ED321F3B}") = "iKudo.Domain", "src\iKudo.Domain\iKudo.Domain.xproj", "{C6CF0048-13BE-4C26-8051-9B307A2A98D5}"
EndProject
Project("{FAE04EC0-301F-11D3-BF4B-00C04F79EFBC}") = "iKudo.Clients.Web.AutomaticTests", "iKudo.Clients.Web.AutomaticTests\iKudo.Clients.Web.AutomaticTests.csproj", "{E2F779A7-26EF-45A5-80CD-630A8A4DE46C}"
EndProject
Project("{8BB2217D-0F2D-49D1-97BC-3654ED321F3B}") = "iKudo.Clients.Web.Tests", "src\iKudo.Clients.Web.Tests\iKudo.Clients.Web.Tests.xproj", "{D85FAA02-2E62-4F70-AF39-0D9EDF9B61A3}"
EndProject
Project("{8BB2217D-0F2D-49D1-97BC-3654ED321F3B}") = "iKudo.Domain.Tests", "src\iKudo.Domain.Tests\iKudo.Domain.Tests.xproj", "{70FCA194-B226-414F-B281-6D218A6CE87B}"
EndProject
Project("{8BB2217D-0F2D-49D1-97BC-3654ED321F3B}") = "iKudo.Common", "src\iKudo.Common\iKudo.Common.xproj", "{74D61CFC-4296-4882-8B3F-1FA41B341641}"
EndProject
Global
	GlobalSection(SolutionConfigurationPlatforms) = preSolution
		Debug|Any CPU = Debug|Any CPU
		Release|Any CPU = Release|Any CPU
	EndGlobalSection
	GlobalSection(ProjectConfigurationPlatforms) = postSolution
		{4AAFD9A8-008C-4ADF-8089-90C6ED4B96E3}.Debug|Any CPU.ActiveCfg = Debug|Any CPU
		{4AAFD9A8-008C-4ADF-8089-90C6ED4B96E3}.Debug|Any CPU.Build.0 = Debug|Any CPU
		{4AAFD9A8-008C-4ADF-8089-90C6ED4B96E3}.Release|Any CPU.ActiveCfg = Release|Any CPU
		{4AAFD9A8-008C-4ADF-8089-90C6ED4B96E3}.Release|Any CPU.Build.0 = Release|Any CPU
		{C6CF0048-13BE-4C26-8051-9B307A2A98D5}.Debug|Any CPU.ActiveCfg = Debug|Any CPU
		{C6CF0048-13BE-4C26-8051-9B307A2A98D5}.Debug|Any CPU.Build.0 = Debug|Any CPU
		{C6CF0048-13BE-4C26-8051-9B307A2A98D5}.Release|Any CPU.ActiveCfg = Release|Any CPU
		{C6CF0048-13BE-4C26-8051-9B307A2A98D5}.Release|Any CPU.Build.0 = Release|Any CPU
		{E2F779A7-26EF-45A5-80CD-630A8A4DE46C}.Debug|Any CPU.ActiveCfg = Debug|Any CPU
		{E2F779A7-26EF-45A5-80CD-630A8A4DE46C}.Debug|Any CPU.Build.0 = Debug|Any CPU
		{E2F779A7-26EF-45A5-80CD-630A8A4DE46C}.Release|Any CPU.ActiveCfg = Release|Any CPU
		{E2F779A7-26EF-45A5-80CD-630A8A4DE46C}.Release|Any CPU.Build.0 = Release|Any CPU
		{D85FAA02-2E62-4F70-AF39-0D9EDF9B61A3}.Debug|Any CPU.ActiveCfg = Debug|Any CPU
		{D85FAA02-2E62-4F70-AF39-0D9EDF9B61A3}.Debug|Any CPU.Build.0 = Debug|Any CPU
		{D85FAA02-2E62-4F70-AF39-0D9EDF9B61A3}.Release|Any CPU.ActiveCfg = Release|Any CPU
		{D85FAA02-2E62-4F70-AF39-0D9EDF9B61A3}.Release|Any CPU.Build.0 = Release|Any CPU
		{70FCA194-B226-414F-B281-6D218A6CE87B}.Debug|Any CPU.ActiveCfg = Debug|Any CPU
		{70FCA194-B226-414F-B281-6D218A6CE87B}.Debug|Any CPU.Build.0 = Debug|Any CPU
		{70FCA194-B226-414F-B281-6D218A6CE87B}.Release|Any CPU.ActiveCfg = Release|Any CPU
		{70FCA194-B226-414F-B281-6D218A6CE87B}.Release|Any CPU.Build.0 = Release|Any CPU
		{74D61CFC-4296-4882-8B3F-1FA41B341641}.Debug|Any CPU.ActiveCfg = Debug|Any CPU
		{74D61CFC-4296-4882-8B3F-1FA41B341641}.Debug|Any CPU.Build.0 = Debug|Any CPU
		{74D61CFC-4296-4882-8B3F-1FA41B341641}.Release|Any CPU.ActiveCfg = Release|Any CPU
		{74D61CFC-4296-4882-8B3F-1FA41B341641}.Release|Any CPU.Build.0 = Release|Any CPU
	EndGlobalSection
	GlobalSection(SolutionProperties) = preSolution
		HideSolutionNode = FALSE
	EndGlobalSection
	GlobalSection(NestedProjects) = preSolution
		{4AAFD9A8-008C-4ADF-8089-90C6ED4B96E3} = {2020AC68-78E1-4D95-AF3C-2186B9362078}
		{C6CF0048-13BE-4C26-8051-9B307A2A98D5} = {2020AC68-78E1-4D95-AF3C-2186B9362078}
		{E2F779A7-26EF-45A5-80CD-630A8A4DE46C} = {2020AC68-78E1-4D95-AF3C-2186B9362078}
		{D85FAA02-2E62-4F70-AF39-0D9EDF9B61A3} = {2020AC68-78E1-4D95-AF3C-2186B9362078}
		{70FCA194-B226-414F-B281-6D218A6CE87B} = {2020AC68-78E1-4D95-AF3C-2186B9362078}
		{74D61CFC-4296-4882-8B3F-1FA41B341641} = {2020AC68-78E1-4D95-AF3C-2186B9362078}
	EndGlobalSection
EndGlobal
